// !$*UTF8*$!
{
	archiveVersion = 1;
	classes = {
	};
	objectVersion = 77;
	objects = {

/* Begin PBXBuildFile section */
		3F21B6E92DE03ADC008BACCB /* FirebaseAuth in Frameworks */ = {isa = PBXBuildFile; productRef = 3F21B6E82DE03ADC008BACCB /* FirebaseAuth */; };
		3F21B6EB2DE03ADC008BACCB /* FirebaseCore in Frameworks */ = {isa = PBXBuildFile; productRef = 3F21B6EA2DE03ADC008BACCB /* FirebaseCore */; };
		3F21B6ED2DE03ADC008BACCB /* FirebaseDatabase in Frameworks */ = {isa = PBXBuildFile; productRef = 3F21B6EC2DE03ADC008BACCB /* FirebaseDatabase */; };
		3F21B6EF2DE03ADC008BACCB /* FirebaseFirestore in Frameworks */ = {isa = PBXBuildFile; productRef = 3F21B6EE2DE03ADC008BACCB /* FirebaseFirestore */; };
		3F21B6F12DE03ADC008BACCB /* FirebaseStorage in Frameworks */ = {isa = PBXBuildFile; productRef = 3F21B6F02DE03ADC008BACCB /* FirebaseStorage */; };
		3F65E8342DF963F700F621E8 /* SporthubWatchApp Watch App.app in Embed Watch Content */ = {isa = PBXBuildFile; fileRef = 3F65E8142DF963F500F621E8 /* SporthubWatchApp Watch App.app */; settings = {ATTRIBUTES = (RemoveHeadersOnCopy, ); }; };
		3F65E8402DF9643900F621E8 /* WatchConnectivity.framework in Frameworks */ = {isa = PBXBuildFile; fileRef = 3F65E83F2DF9643900F621E8 /* WatchConnectivity.framework */; };
		3F65E8422DF9645800F621E8 /* WatchConnectivity.framework in Frameworks */ = {isa = PBXBuildFile; fileRef = 3F65E8412DF9645800F621E8 /* WatchConnectivity.framework */; };
		3F65E86A2DF96F3A00F621E8 /* SporthubWatchAppExtension.appex in Embed ExtensionKit Extensions */ = {isa = PBXBuildFile; fileRef = 3F65E8612DF96F3A00F621E8 /* SporthubWatchAppExtension.appex */; settings = {ATTRIBUTES = (RemoveHeadersOnCopy, ); }; };
/* End PBXBuildFile section */

/* Begin PBXContainerItemProxy section */
		3F512E3F2DDEBB520077CDB4 /* PBXContainerItemProxy */ = {
			isa = PBXContainerItemProxy;
			containerPortal = 3F512E262DDEBB500077CDB4 /* Project object */;
			proxyType = 1;
			remoteGlobalIDString = 3F512E2D2DDEBB500077CDB4;
			remoteInfo = "ALP-MAD";
		};
		3F512E492DDEBB520077CDB4 /* PBXContainerItemProxy */ = {
			isa = PBXContainerItemProxy;
			containerPortal = 3F512E262DDEBB500077CDB4 /* Project object */;
			proxyType = 1;
			remoteGlobalIDString = 3F512E2D2DDEBB500077CDB4;
			remoteInfo = "ALP-MAD";
		};
		3F65E8212DF963F700F621E8 /* PBXContainerItemProxy */ = {
			isa = PBXContainerItemProxy;
			containerPortal = 3F512E262DDEBB500077CDB4 /* Project object */;
			proxyType = 1;
			remoteGlobalIDString = 3F65E8132DF963F500F621E8;
			remoteInfo = "SporthubWatchApp Watch App";
		};
		3F65E82B2DF963F700F621E8 /* PBXContainerItemProxy */ = {
			isa = PBXContainerItemProxy;
			containerPortal = 3F512E262DDEBB500077CDB4 /* Project object */;
			proxyType = 1;
			remoteGlobalIDString = 3F65E8132DF963F500F621E8;
			remoteInfo = "SporthubWatchApp Watch App";
		};
		3F65E8322DF963F700F621E8 /* PBXContainerItemProxy */ = {
			isa = PBXContainerItemProxy;
			containerPortal = 3F512E262DDEBB500077CDB4 /* Project object */;
			proxyType = 1;
			remoteGlobalIDString = 3F65E8132DF963F500F621E8;
			remoteInfo = "SporthubWatchApp Watch App";
		};
		3F65E8682DF96F3A00F621E8 /* PBXContainerItemProxy */ = {
			isa = PBXContainerItemProxy;
			containerPortal = 3F512E262DDEBB500077CDB4 /* Project object */;
			proxyType = 1;
			remoteGlobalIDString = 3F65E8602DF96F3A00F621E8;
			remoteInfo = SporthubWatchAppExtension;
		};
/* End PBXContainerItemProxy section */

/* Begin PBXCopyFilesBuildPhase section */
		3F65E8382DF963F700F621E8 /* Embed Watch Content */ = {
			isa = PBXCopyFilesBuildPhase;
			buildActionMask = 2147483647;
			dstPath = "$(CONTENTS_FOLDER_PATH)/Watch";
			dstSubfolderSpec = 16;
			files = (
				3F65E8342DF963F700F621E8 /* SporthubWatchApp Watch App.app in Embed Watch Content */,
			);
			name = "Embed Watch Content";
			runOnlyForDeploymentPostprocessing = 0;
		};
		3F65E85A2DF96E9100F621E8 /* Embed ExtensionKit Extensions */ = {
			isa = PBXCopyFilesBuildPhase;
			buildActionMask = 2147483647;
			dstPath = "$(EXTENSIONS_FOLDER_PATH)";
			dstSubfolderSpec = 16;
			files = (
				3F65E86A2DF96F3A00F621E8 /* SporthubWatchAppExtension.appex in Embed ExtensionKit Extensions */,
			);
			name = "Embed ExtensionKit Extensions";
			runOnlyForDeploymentPostprocessing = 0;
		};
/* End PBXCopyFilesBuildPhase section */

/* Begin PBXFileReference section */
		3F512E2E2DDEBB500077CDB4 /* ALP-MAD.app */ = {isa = PBXFileReference; explicitFileType = wrapper.application; includeInIndex = 0; path = "ALP-MAD.app"; sourceTree = BUILT_PRODUCTS_DIR; };
		3F512E3E2DDEBB520077CDB4 /* ALP-MADTests.xctest */ = {isa = PBXFileReference; explicitFileType = wrapper.cfbundle; includeInIndex = 0; path = "ALP-MADTests.xctest"; sourceTree = BUILT_PRODUCTS_DIR; };
		3F512E482DDEBB520077CDB4 /* ALP-MADUITests.xctest */ = {isa = PBXFileReference; explicitFileType = wrapper.cfbundle; includeInIndex = 0; path = "ALP-MADUITests.xctest"; sourceTree = BUILT_PRODUCTS_DIR; };
		3F65E8142DF963F500F621E8 /* SporthubWatchApp Watch App.app */ = {isa = PBXFileReference; explicitFileType = wrapper.application; includeInIndex = 0; path = "SporthubWatchApp Watch App.app"; sourceTree = BUILT_PRODUCTS_DIR; };
		3F65E8202DF963F700F621E8 /* SporthubWatchApp Watch AppTests.xctest */ = {isa = PBXFileReference; explicitFileType = wrapper.cfbundle; includeInIndex = 0; path = "SporthubWatchApp Watch AppTests.xctest"; sourceTree = BUILT_PRODUCTS_DIR; };
		3F65E82A2DF963F700F621E8 /* SporthubWatchApp Watch AppUITests.xctest */ = {isa = PBXFileReference; explicitFileType = wrapper.cfbundle; includeInIndex = 0; path = "SporthubWatchApp Watch AppUITests.xctest"; sourceTree = BUILT_PRODUCTS_DIR; };
		3F65E83F2DF9643900F621E8 /* WatchConnectivity.framework */ = {isa = PBXFileReference; lastKnownFileType = wrapper.framework; name = WatchConnectivity.framework; path = System/Library/Frameworks/WatchConnectivity.framework; sourceTree = SDKROOT; };
		3F65E8412DF9645800F621E8 /* WatchConnectivity.framework */ = {isa = PBXFileReference; lastKnownFileType = wrapper.framework; name = WatchConnectivity.framework; path = Platforms/WatchOS.platform/Developer/SDKs/WatchOS11.4.sdk/System/Library/Frameworks/WatchConnectivity.framework; sourceTree = DEVELOPER_DIR; };
		3F65E8612DF96F3A00F621E8 /* SporthubWatchAppExtension.appex */ = {isa = PBXFileReference; explicitFileType = "wrapper.extensionkit-extension"; includeInIndex = 0; path = SporthubWatchAppExtension.appex; sourceTree = BUILT_PRODUCTS_DIR; };
/* End PBXFileReference section */

/* Begin PBXFileSystemSynchronizedBuildFileExceptionSet section */
		3F65E8442DF967FA00F621E8 /* Exceptions for "ALP-MAD" folder in "SporthubWatchApp Watch App" target */ = {
			isa = PBXFileSystemSynchronizedBuildFileExceptionSet;
			membershipExceptions = (
				Utilities/Theme.swift,
			);
			target = 3F65E8132DF963F500F621E8 /* SporthubWatchApp Watch App */;
		};
		3F65E86E2DF96F3A00F621E8 /* Exceptions for "SporthubWatchAppExtension" folder in "SporthubWatchAppExtension" target */ = {
			isa = PBXFileSystemSynchronizedBuildFileExceptionSet;
			membershipExceptions = (
				Info.plist,
			);
			target = 3F65E8602DF96F3A00F621E8 /* SporthubWatchAppExtension */;
		};
		3F65E8752DF9723900F621E8 /* Exceptions for "ALP-MAD" folder in "ALP-MAD" target */ = {
			isa = PBXFileSystemSynchronizedBuildFileExceptionSet;
			membershipExceptions = (
				Info.plist,
			);
			target = 3F512E2D2DDEBB500077CDB4 /* ALP-MAD */;
		};
		3F65E8902DF97D2800F621E8 /* Exceptions for "SporthubWatchAppExtension" folder in "SporthubWatchApp Watch App" target */ = {
			isa = PBXFileSystemSynchronizedBuildFileExceptionSet;
			membershipExceptions = (
				Models/EventWatch.swift,
				ViewModels/EventWatchViewModel.swift,
				ViewModels/WCSessionManagerWatch.swift,
				Views/EventWatchDetailView.swift,
				Views/EventWatchListView.swift,
			);
			target = 3F65E8132DF963F500F621E8 /* SporthubWatchApp Watch App */;
		};
		3FF5958C2DDF0CB500E248FD /* Exceptions for "ALP-MAD" folder in "ALP-MADTests" target */ = {
			isa = PBXFileSystemSynchronizedBuildFileExceptionSet;
			membershipExceptions = (
				"Config/GoogleService-Info.plist",
			);
			target = 3F512E3D2DDEBB520077CDB4 /* ALP-MADTests */;
		};
		3FF5958D2DDF0CB500E248FD /* Exceptions for "ALP-MAD" folder in "ALP-MADUITests" target */ = {
			isa = PBXFileSystemSynchronizedBuildFileExceptionSet;
			membershipExceptions = (
				"Config/GoogleService-Info.plist",
			);
			target = 3F512E472DDEBB520077CDB4 /* ALP-MADUITests */;
		};
/* End PBXFileSystemSynchronizedBuildFileExceptionSet section */

/* Begin PBXFileSystemSynchronizedRootGroup section */
		3F512E302DDEBB500077CDB4 /* ALP-MAD */ = {
			isa = PBXFileSystemSynchronizedRootGroup;
			exceptions = (
				3F65E8752DF9723900F621E8 /* Exceptions for "ALP-MAD" folder in "ALP-MAD" target */,
				3FF5958C2DDF0CB500E248FD /* Exceptions for "ALP-MAD" folder in "ALP-MADTests" target */,
				3FF5958D2DDF0CB500E248FD /* Exceptions for "ALP-MAD" folder in "ALP-MADUITests" target */,
				3F65E8442DF967FA00F621E8 /* Exceptions for "ALP-MAD" folder in "SporthubWatchApp Watch App" target */,
			);
			path = "ALP-MAD";
			sourceTree = "<group>";
		};
		3F512E412DDEBB520077CDB4 /* ALP-MADTests */ = {
			isa = PBXFileSystemSynchronizedRootGroup;
			path = "ALP-MADTests";
			sourceTree = "<group>";
		};
		3F512E4B2DDEBB520077CDB4 /* ALP-MADUITests */ = {
			isa = PBXFileSystemSynchronizedRootGroup;
			path = "ALP-MADUITests";
			sourceTree = "<group>";
		};
		3F65E8152DF963F500F621E8 /* SporthubWatchApp Watch App */ = {
			isa = PBXFileSystemSynchronizedRootGroup;
			path = "SporthubWatchApp Watch App";
			sourceTree = "<group>";
		};
		3F65E8232DF963F700F621E8 /* SporthubWatchApp Watch AppTests */ = {
			isa = PBXFileSystemSynchronizedRootGroup;
			path = "SporthubWatchApp Watch AppTests";
			sourceTree = "<group>";
		};
		3F65E82D2DF963F700F621E8 /* SporthubWatchApp Watch AppUITests */ = {
			isa = PBXFileSystemSynchronizedRootGroup;
			path = "SporthubWatchApp Watch AppUITests";
			sourceTree = "<group>";
		};
		3F65E8622DF96F3A00F621E8 /* SporthubWatchAppExtension */ = {
			isa = PBXFileSystemSynchronizedRootGroup;
			exceptions = (
				3F65E8902DF97D2800F621E8 /* Exceptions for "SporthubWatchAppExtension" folder in "SporthubWatchApp Watch App" target */,
				3F65E86E2DF96F3A00F621E8 /* Exceptions for "SporthubWatchAppExtension" folder in "SporthubWatchAppExtension" target */,
			);
			path = SporthubWatchAppExtension;
			sourceTree = "<group>";
		};
/* End PBXFileSystemSynchronizedRootGroup section */

/* Begin PBXFrameworksBuildPhase section */
		3F512E2B2DDEBB500077CDB4 /* Frameworks */ = {
			isa = PBXFrameworksBuildPhase;
			buildActionMask = 2147483647;
			files = (
				3F21B6ED2DE03ADC008BACCB /* FirebaseDatabase in Frameworks */,
				3F21B6EF2DE03ADC008BACCB /* FirebaseFirestore in Frameworks */,
				3F21B6EB2DE03ADC008BACCB /* FirebaseCore in Frameworks */,
				3F21B6F12DE03ADC008BACCB /* FirebaseStorage in Frameworks */,
				3F21B6E92DE03ADC008BACCB /* FirebaseAuth in Frameworks */,
				3F65E8402DF9643900F621E8 /* WatchConnectivity.framework in Frameworks */,
			);
			runOnlyForDeploymentPostprocessing = 0;
		};
		3F512E3B2DDEBB520077CDB4 /* Frameworks */ = {
			isa = PBXFrameworksBuildPhase;
			buildActionMask = 2147483647;
			files = (
			);
			runOnlyForDeploymentPostprocessing = 0;
		};
		3F512E452DDEBB520077CDB4 /* Frameworks */ = {
			isa = PBXFrameworksBuildPhase;
			buildActionMask = 2147483647;
			files = (
			);
			runOnlyForDeploymentPostprocessing = 0;
		};
		3F65E8112DF963F500F621E8 /* Frameworks */ = {
			isa = PBXFrameworksBuildPhase;
			buildActionMask = 2147483647;
			files = (
				3F65E8422DF9645800F621E8 /* WatchConnectivity.framework in Frameworks */,
			);
			runOnlyForDeploymentPostprocessing = 0;
		};
		3F65E81D2DF963F700F621E8 /* Frameworks */ = {
			isa = PBXFrameworksBuildPhase;
			buildActionMask = 2147483647;
			files = (
			);
			runOnlyForDeploymentPostprocessing = 0;
		};
		3F65E8272DF963F700F621E8 /* Frameworks */ = {
			isa = PBXFrameworksBuildPhase;
			buildActionMask = 2147483647;
			files = (
			);
			runOnlyForDeploymentPostprocessing = 0;
		};
		3F65E85E2DF96F3A00F621E8 /* Frameworks */ = {
			isa = PBXFrameworksBuildPhase;
			buildActionMask = 2147483647;
			files = (
			);
			runOnlyForDeploymentPostprocessing = 0;
		};
/* End PBXFrameworksBuildPhase section */

/* Begin PBXGroup section */
		3F512E252DDEBB500077CDB4 = {
			isa = PBXGroup;
			children = (
				3F512E302DDEBB500077CDB4 /* ALP-MAD */,
				3F512E412DDEBB520077CDB4 /* ALP-MADTests */,
				3F512E4B2DDEBB520077CDB4 /* ALP-MADUITests */,
				3F65E8152DF963F500F621E8 /* SporthubWatchApp Watch App */,
				3F65E8232DF963F700F621E8 /* SporthubWatchApp Watch AppTests */,
				3F65E82D2DF963F700F621E8 /* SporthubWatchApp Watch AppUITests */,
				3F65E8622DF96F3A00F621E8 /* SporthubWatchAppExtension */,
				3F65E8052DF9620100F621E8 /* Frameworks */,
				3F512E2F2DDEBB500077CDB4 /* Products */,
			);
			sourceTree = "<group>";
		};
		3F512E2F2DDEBB500077CDB4 /* Products */ = {
			isa = PBXGroup;
			children = (
				3F512E2E2DDEBB500077CDB4 /* ALP-MAD.app */,
				3F512E3E2DDEBB520077CDB4 /* ALP-MADTests.xctest */,
				3F512E482DDEBB520077CDB4 /* ALP-MADUITests.xctest */,
				3F65E8142DF963F500F621E8 /* SporthubWatchApp Watch App.app */,
				3F65E8202DF963F700F621E8 /* SporthubWatchApp Watch AppTests.xctest */,
				3F65E82A2DF963F700F621E8 /* SporthubWatchApp Watch AppUITests.xctest */,
				3F65E8612DF96F3A00F621E8 /* SporthubWatchAppExtension.appex */,
			);
			name = Products;
			sourceTree = "<group>";
		};
		3F65E8052DF9620100F621E8 /* Frameworks */ = {
			isa = PBXGroup;
			children = (
				3F65E8412DF9645800F621E8 /* WatchConnectivity.framework */,
				3F65E83F2DF9643900F621E8 /* WatchConnectivity.framework */,
			);
			name = Frameworks;
			sourceTree = "<group>";
		};
/* End PBXGroup section */

/* Begin PBXNativeTarget section */
		3F512E2D2DDEBB500077CDB4 /* ALP-MAD */ = {
			isa = PBXNativeTarget;
			buildConfigurationList = 3F512E522DDEBB520077CDB4 /* Build configuration list for PBXNativeTarget "ALP-MAD" */;
			buildPhases = (
				3F512E2A2DDEBB500077CDB4 /* Sources */,
				3F512E2B2DDEBB500077CDB4 /* Frameworks */,
				3F512E2C2DDEBB500077CDB4 /* Resources */,
				3F65E8382DF963F700F621E8 /* Embed Watch Content */,
			);
			buildRules = (
			);
			dependencies = (
				3F65E8332DF963F700F621E8 /* PBXTargetDependency */,
			);
			fileSystemSynchronizedGroups = (
				3F512E302DDEBB500077CDB4 /* ALP-MAD */,
			);
			name = "ALP-MAD";
			packageProductDependencies = (
				3F21B6E82DE03ADC008BACCB /* FirebaseAuth */,
				3F21B6EA2DE03ADC008BACCB /* FirebaseCore */,
				3F21B6EC2DE03ADC008BACCB /* FirebaseDatabase */,
				3F21B6EE2DE03ADC008BACCB /* FirebaseFirestore */,
				3F21B6F02DE03ADC008BACCB /* FirebaseStorage */,
			);
			productName = "ALP-MAD";
			productReference = 3F512E2E2DDEBB500077CDB4 /* ALP-MAD.app */;
			productType = "com.apple.product-type.application";
		};
		3F512E3D2DDEBB520077CDB4 /* ALP-MADTests */ = {
			isa = PBXNativeTarget;
			buildConfigurationList = 3F512E552DDEBB520077CDB4 /* Build configuration list for PBXNativeTarget "ALP-MADTests" */;
			buildPhases = (
				3F512E3A2DDEBB520077CDB4 /* Sources */,
				3F512E3B2DDEBB520077CDB4 /* Frameworks */,
				3F512E3C2DDEBB520077CDB4 /* Resources */,
			);
			buildRules = (
			);
			dependencies = (
				3F512E402DDEBB520077CDB4 /* PBXTargetDependency */,
			);
			fileSystemSynchronizedGroups = (
				3F512E412DDEBB520077CDB4 /* ALP-MADTests */,
			);
			name = "ALP-MADTests";
			packageProductDependencies = (
			);
			productName = "ALP-MADTests";
			productReference = 3F512E3E2DDEBB520077CDB4 /* ALP-MADTests.xctest */;
			productType = "com.apple.product-type.bundle.unit-test";
		};
		3F512E472DDEBB520077CDB4 /* ALP-MADUITests */ = {
			isa = PBXNativeTarget;
			buildConfigurationList = 3F512E582DDEBB520077CDB4 /* Build configuration list for PBXNativeTarget "ALP-MADUITests" */;
			buildPhases = (
				3F512E442DDEBB520077CDB4 /* Sources */,
				3F512E452DDEBB520077CDB4 /* Frameworks */,
				3F512E462DDEBB520077CDB4 /* Resources */,
			);
			buildRules = (
			);
			dependencies = (
				3F512E4A2DDEBB520077CDB4 /* PBXTargetDependency */,
			);
			fileSystemSynchronizedGroups = (
				3F512E4B2DDEBB520077CDB4 /* ALP-MADUITests */,
			);
			name = "ALP-MADUITests";
			packageProductDependencies = (
			);
			productName = "ALP-MADUITests";
			productReference = 3F512E482DDEBB520077CDB4 /* ALP-MADUITests.xctest */;
			productType = "com.apple.product-type.bundle.ui-testing";
		};
		3F65E8132DF963F500F621E8 /* SporthubWatchApp Watch App */ = {
			isa = PBXNativeTarget;
			buildConfigurationList = 3F65E8352DF963F700F621E8 /* Build configuration list for PBXNativeTarget "SporthubWatchApp Watch App" */;
			buildPhases = (
				3F65E8102DF963F500F621E8 /* Sources */,
				3F65E8112DF963F500F621E8 /* Frameworks */,
				3F65E8122DF963F500F621E8 /* Resources */,
				3F65E85A2DF96E9100F621E8 /* Embed ExtensionKit Extensions */,
			);
			buildRules = (
			);
			dependencies = (
				3F65E8692DF96F3A00F621E8 /* PBXTargetDependency */,
			);
			fileSystemSynchronizedGroups = (
				3F65E8152DF963F500F621E8 /* SporthubWatchApp Watch App */,
			);
			name = "SporthubWatchApp Watch App";
			packageProductDependencies = (
			);
			productName = "SporthubWatchApp Watch App";
			productReference = 3F65E8142DF963F500F621E8 /* SporthubWatchApp Watch App.app */;
			productType = "com.apple.product-type.application";
		};
		3F65E81F2DF963F700F621E8 /* SporthubWatchApp Watch AppTests */ = {
			isa = PBXNativeTarget;
			buildConfigurationList = 3F65E8392DF963F700F621E8 /* Build configuration list for PBXNativeTarget "SporthubWatchApp Watch AppTests" */;
			buildPhases = (
				3F65E81C2DF963F700F621E8 /* Sources */,
				3F65E81D2DF963F700F621E8 /* Frameworks */,
				3F65E81E2DF963F700F621E8 /* Resources */,
			);
			buildRules = (
			);
			dependencies = (
				3F65E8222DF963F700F621E8 /* PBXTargetDependency */,
			);
			fileSystemSynchronizedGroups = (
				3F65E8232DF963F700F621E8 /* SporthubWatchApp Watch AppTests */,
			);
			name = "SporthubWatchApp Watch AppTests";
			packageProductDependencies = (
			);
			productName = "SporthubWatchApp Watch AppTests";
			productReference = 3F65E8202DF963F700F621E8 /* SporthubWatchApp Watch AppTests.xctest */;
			productType = "com.apple.product-type.bundle.unit-test";
		};
		3F65E8292DF963F700F621E8 /* SporthubWatchApp Watch AppUITests */ = {
			isa = PBXNativeTarget;
			buildConfigurationList = 3F65E83C2DF963F700F621E8 /* Build configuration list for PBXNativeTarget "SporthubWatchApp Watch AppUITests" */;
			buildPhases = (
				3F65E8262DF963F700F621E8 /* Sources */,
				3F65E8272DF963F700F621E8 /* Frameworks */,
				3F65E8282DF963F700F621E8 /* Resources */,
			);
			buildRules = (
			);
			dependencies = (
				3F65E82C2DF963F700F621E8 /* PBXTargetDependency */,
			);
			fileSystemSynchronizedGroups = (
				3F65E82D2DF963F700F621E8 /* SporthubWatchApp Watch AppUITests */,
			);
			name = "SporthubWatchApp Watch AppUITests";
			packageProductDependencies = (
			);
			productName = "SporthubWatchApp Watch AppUITests";
			productReference = 3F65E82A2DF963F700F621E8 /* SporthubWatchApp Watch AppUITests.xctest */;
			productType = "com.apple.product-type.bundle.ui-testing";
		};
		3F65E8602DF96F3A00F621E8 /* SporthubWatchAppExtension */ = {
			isa = PBXNativeTarget;
			buildConfigurationList = 3F65E86B2DF96F3A00F621E8 /* Build configuration list for PBXNativeTarget "SporthubWatchAppExtension" */;
			buildPhases = (
				3F65E85D2DF96F3A00F621E8 /* Sources */,
				3F65E85E2DF96F3A00F621E8 /* Frameworks */,
				3F65E85F2DF96F3A00F621E8 /* Resources */,
			);
			buildRules = (
			);
			dependencies = (
			);
			fileSystemSynchronizedGroups = (
				3F65E8622DF96F3A00F621E8 /* SporthubWatchAppExtension */,
			);
			name = SporthubWatchAppExtension;
			packageProductDependencies = (
			);
			productName = SporthubWatchAppExtension;
			productReference = 3F65E8612DF96F3A00F621E8 /* SporthubWatchAppExtension.appex */;
			productType = "com.apple.product-type.extensionkit-extension";
		};
/* End PBXNativeTarget section */

/* Begin PBXProject section */
		3F512E262DDEBB500077CDB4 /* Project object */ = {
			isa = PBXProject;
			attributes = {
				BuildIndependentTargetsInParallel = 1;
				LastSwiftUpdateCheck = 1630;
				LastUpgradeCheck = 1620;
				TargetAttributes = {
					3F512E2D2DDEBB500077CDB4 = {
						CreatedOnToolsVersion = 16.2;
					};
					3F512E3D2DDEBB520077CDB4 = {
						CreatedOnToolsVersion = 16.2;
						TestTargetID = 3F512E2D2DDEBB500077CDB4;
					};
					3F512E472DDEBB520077CDB4 = {
						CreatedOnToolsVersion = 16.2;
						TestTargetID = 3F512E2D2DDEBB500077CDB4;
					};
					3F65E8132DF963F500F621E8 = {
						CreatedOnToolsVersion = 16.3;
					};
					3F65E81F2DF963F700F621E8 = {
						CreatedOnToolsVersion = 16.3;
						TestTargetID = 3F65E8132DF963F500F621E8;
					};
					3F65E8292DF963F700F621E8 = {
						CreatedOnToolsVersion = 16.3;
						TestTargetID = 3F65E8132DF963F500F621E8;
					};
					3F65E8602DF96F3A00F621E8 = {
						CreatedOnToolsVersion = 16.3;
					};
				};
			};
			buildConfigurationList = 3F512E292DDEBB500077CDB4 /* Build configuration list for PBXProject "ALP-MAD" */;
			developmentRegion = en;
			hasScannedForEncodings = 0;
			knownRegions = (
				en,
				Base,
			);
			mainGroup = 3F512E252DDEBB500077CDB4;
			minimizedProjectReferenceProxies = 1;
			packageReferences = (
				3F21B6E72DE03ADC008BACCB /* XCRemoteSwiftPackageReference "firebase-ios-sdk" */,
			);
			preferredProjectObjectVersion = 77;
			productRefGroup = 3F512E2F2DDEBB500077CDB4 /* Products */;
			projectDirPath = "";
			projectRoot = "";
			targets = (
				3F512E2D2DDEBB500077CDB4 /* ALP-MAD */,
				3F512E3D2DDEBB520077CDB4 /* ALP-MADTests */,
				3F512E472DDEBB520077CDB4 /* ALP-MADUITests */,
				3F65E8132DF963F500F621E8 /* SporthubWatchApp Watch App */,
				3F65E81F2DF963F700F621E8 /* SporthubWatchApp Watch AppTests */,
				3F65E8292DF963F700F621E8 /* SporthubWatchApp Watch AppUITests */,
				3F65E8602DF96F3A00F621E8 /* SporthubWatchAppExtension */,
			);
		};
/* End PBXProject section */

/* Begin PBXResourcesBuildPhase section */
		3F512E2C2DDEBB500077CDB4 /* Resources */ = {
			isa = PBXResourcesBuildPhase;
			buildActionMask = 2147483647;
			files = (
			);
			runOnlyForDeploymentPostprocessing = 0;
		};
		3F512E3C2DDEBB520077CDB4 /* Resources */ = {
			isa = PBXResourcesBuildPhase;
			buildActionMask = 2147483647;
			files = (
			);
			runOnlyForDeploymentPostprocessing = 0;
		};
		3F512E462DDEBB520077CDB4 /* Resources */ = {
			isa = PBXResourcesBuildPhase;
			buildActionMask = 2147483647;
			files = (
			);
			runOnlyForDeploymentPostprocessing = 0;
		};
		3F65E8122DF963F500F621E8 /* Resources */ = {
			isa = PBXResourcesBuildPhase;
			buildActionMask = 2147483647;
			files = (
			);
			runOnlyForDeploymentPostprocessing = 0;
		};
		3F65E81E2DF963F700F621E8 /* Resources */ = {
			isa = PBXResourcesBuildPhase;
			buildActionMask = 2147483647;
			files = (
			);
			runOnlyForDeploymentPostprocessing = 0;
		};
		3F65E8282DF963F700F621E8 /* Resources */ = {
			isa = PBXResourcesBuildPhase;
			buildActionMask = 2147483647;
			files = (
			);
			runOnlyForDeploymentPostprocessing = 0;
		};
		3F65E85F2DF96F3A00F621E8 /* Resources */ = {
			isa = PBXResourcesBuildPhase;
			buildActionMask = 2147483647;
			files = (
			);
			runOnlyForDeploymentPostprocessing = 0;
		};
/* End PBXResourcesBuildPhase section */

/* Begin PBXSourcesBuildPhase section */
		3F512E2A2DDEBB500077CDB4 /* Sources */ = {
			isa = PBXSourcesBuildPhase;
			buildActionMask = 2147483647;
			files = (
			);
			runOnlyForDeploymentPostprocessing = 0;
		};
		3F512E3A2DDEBB520077CDB4 /* Sources */ = {
			isa = PBXSourcesBuildPhase;
			buildActionMask = 2147483647;
			files = (
			);
			runOnlyForDeploymentPostprocessing = 0;
		};
		3F512E442DDEBB520077CDB4 /* Sources */ = {
			isa = PBXSourcesBuildPhase;
			buildActionMask = 2147483647;
			files = (
			);
			runOnlyForDeploymentPostprocessing = 0;
		};
		3F65E8102DF963F500F621E8 /* Sources */ = {
			isa = PBXSourcesBuildPhase;
			buildActionMask = 2147483647;
			files = (
			);
			runOnlyForDeploymentPostprocessing = 0;
		};
		3F65E81C2DF963F700F621E8 /* Sources */ = {
			isa = PBXSourcesBuildPhase;
			buildActionMask = 2147483647;
			files = (
			);
			runOnlyForDeploymentPostprocessing = 0;
		};
		3F65E8262DF963F700F621E8 /* Sources */ = {
			isa = PBXSourcesBuildPhase;
			buildActionMask = 2147483647;
			files = (
			);
			runOnlyForDeploymentPostprocessing = 0;
		};
		3F65E85D2DF96F3A00F621E8 /* Sources */ = {
			isa = PBXSourcesBuildPhase;
			buildActionMask = 2147483647;
			files = (
			);
			runOnlyForDeploymentPostprocessing = 0;
		};
/* End PBXSourcesBuildPhase section */

/* Begin PBXTargetDependency section */
		3F512E402DDEBB520077CDB4 /* PBXTargetDependency */ = {
			isa = PBXTargetDependency;
			target = 3F512E2D2DDEBB500077CDB4 /* ALP-MAD */;
			targetProxy = 3F512E3F2DDEBB520077CDB4 /* PBXContainerItemProxy */;
		};
		3F512E4A2DDEBB520077CDB4 /* PBXTargetDependency */ = {
			isa = PBXTargetDependency;
			target = 3F512E2D2DDEBB500077CDB4 /* ALP-MAD */;
			targetProxy = 3F512E492DDEBB520077CDB4 /* PBXContainerItemProxy */;
		};
		3F65E8222DF963F700F621E8 /* PBXTargetDependency */ = {
			isa = PBXTargetDependency;
			target = 3F65E8132DF963F500F621E8 /* SporthubWatchApp Watch App */;
			targetProxy = 3F65E8212DF963F700F621E8 /* PBXContainerItemProxy */;
		};
		3F65E82C2DF963F700F621E8 /* PBXTargetDependency */ = {
			isa = PBXTargetDependency;
			target = 3F65E8132DF963F500F621E8 /* SporthubWatchApp Watch App */;
			targetProxy = 3F65E82B2DF963F700F621E8 /* PBXContainerItemProxy */;
		};
		3F65E8332DF963F700F621E8 /* PBXTargetDependency */ = {
			isa = PBXTargetDependency;
			target = 3F65E8132DF963F500F621E8 /* SporthubWatchApp Watch App */;
			targetProxy = 3F65E8322DF963F700F621E8 /* PBXContainerItemProxy */;
		};
		3F65E8692DF96F3A00F621E8 /* PBXTargetDependency */ = {
			isa = PBXTargetDependency;
			target = 3F65E8602DF96F3A00F621E8 /* SporthubWatchAppExtension */;
			targetProxy = 3F65E8682DF96F3A00F621E8 /* PBXContainerItemProxy */;
		};
/* End PBXTargetDependency section */

/* Begin XCBuildConfiguration section */
		3F512E502DDEBB520077CDB4 /* Debug */ = {
			isa = XCBuildConfiguration;
			buildSettings = {
				ALWAYS_SEARCH_USER_PATHS = NO;
				ASSETCATALOG_COMPILER_GENERATE_SWIFT_ASSET_SYMBOL_EXTENSIONS = YES;
				CLANG_ANALYZER_NONNULL = YES;
				CLANG_ANALYZER_NUMBER_OBJECT_CONVERSION = YES_AGGRESSIVE;
				CLANG_CXX_LANGUAGE_STANDARD = "gnu++20";
				CLANG_ENABLE_MODULES = YES;
				CLANG_ENABLE_OBJC_ARC = YES;
				CLANG_ENABLE_OBJC_WEAK = YES;
				CLANG_WARN_BLOCK_CAPTURE_AUTORELEASING = YES;
				CLANG_WARN_BOOL_CONVERSION = YES;
				CLANG_WARN_COMMA = YES;
				CLANG_WARN_CONSTANT_CONVERSION = YES;
				CLANG_WARN_DEPRECATED_OBJC_IMPLEMENTATIONS = YES;
				CLANG_WARN_DIRECT_OBJC_ISA_USAGE = YES_ERROR;
				CLANG_WARN_DOCUMENTATION_COMMENTS = YES;
				CLANG_WARN_EMPTY_BODY = YES;
				CLANG_WARN_ENUM_CONVERSION = YES;
				CLANG_WARN_INFINITE_RECURSION = YES;
				CLANG_WARN_INT_CONVERSION = YES;
				CLANG_WARN_NON_LITERAL_NULL_CONVERSION = YES;
				CLANG_WARN_OBJC_IMPLICIT_RETAIN_SELF = YES;
				CLANG_WARN_OBJC_LITERAL_CONVERSION = YES;
				CLANG_WARN_OBJC_ROOT_CLASS = YES_ERROR;
				CLANG_WARN_QUOTED_INCLUDE_IN_FRAMEWORK_HEADER = YES;
				CLANG_WARN_RANGE_LOOP_ANALYSIS = YES;
				CLANG_WARN_STRICT_PROTOTYPES = YES;
				CLANG_WARN_SUSPICIOUS_MOVE = YES;
				CLANG_WARN_UNGUARDED_AVAILABILITY = YES_AGGRESSIVE;
				CLANG_WARN_UNREACHABLE_CODE = YES;
				CLANG_WARN__DUPLICATE_METHOD_MATCH = YES;
				COPY_PHASE_STRIP = NO;
				DEBUG_INFORMATION_FORMAT = dwarf;
				ENABLE_STRICT_OBJC_MSGSEND = YES;
				ENABLE_TESTABILITY = YES;
				ENABLE_USER_SCRIPT_SANDBOXING = YES;
				GCC_C_LANGUAGE_STANDARD = gnu17;
				GCC_DYNAMIC_NO_PIC = NO;
				GCC_NO_COMMON_BLOCKS = YES;
				GCC_OPTIMIZATION_LEVEL = 0;
				GCC_PREPROCESSOR_DEFINITIONS = (
					"DEBUG=1",
					"$(inherited)",
				);
				GCC_WARN_64_TO_32_BIT_CONVERSION = YES;
				GCC_WARN_ABOUT_RETURN_TYPE = YES_ERROR;
				GCC_WARN_UNDECLARED_SELECTOR = YES;
				GCC_WARN_UNINITIALIZED_AUTOS = YES_AGGRESSIVE;
				GCC_WARN_UNUSED_FUNCTION = YES;
				GCC_WARN_UNUSED_VARIABLE = YES;
				IPHONEOS_DEPLOYMENT_TARGET = 18.2;
				LOCALIZATION_PREFERS_STRING_CATALOGS = YES;
				MTL_ENABLE_DEBUG_INFO = INCLUDE_SOURCE;
				MTL_FAST_MATH = YES;
				ONLY_ACTIVE_ARCH = YES;
				SDKROOT = iphoneos;
				SWIFT_ACTIVE_COMPILATION_CONDITIONS = "DEBUG $(inherited)";
				SWIFT_OPTIMIZATION_LEVEL = "-Onone";
			};
			name = Debug;
		};
		3F512E512DDEBB520077CDB4 /* Release */ = {
			isa = XCBuildConfiguration;
			buildSettings = {
				ALWAYS_SEARCH_USER_PATHS = NO;
				ASSETCATALOG_COMPILER_GENERATE_SWIFT_ASSET_SYMBOL_EXTENSIONS = YES;
				CLANG_ANALYZER_NONNULL = YES;
				CLANG_ANALYZER_NUMBER_OBJECT_CONVERSION = YES_AGGRESSIVE;
				CLANG_CXX_LANGUAGE_STANDARD = "gnu++20";
				CLANG_ENABLE_MODULES = YES;
				CLANG_ENABLE_OBJC_ARC = YES;
				CLANG_ENABLE_OBJC_WEAK = YES;
				CLANG_WARN_BLOCK_CAPTURE_AUTORELEASING = YES;
				CLANG_WARN_BOOL_CONVERSION = YES;
				CLANG_WARN_COMMA = YES;
				CLANG_WARN_CONSTANT_CONVERSION = YES;
				CLANG_WARN_DEPRECATED_OBJC_IMPLEMENTATIONS = YES;
				CLANG_WARN_DIRECT_OBJC_ISA_USAGE = YES_ERROR;
				CLANG_WARN_DOCUMENTATION_COMMENTS = YES;
				CLANG_WARN_EMPTY_BODY = YES;
				CLANG_WARN_ENUM_CONVERSION = YES;
				CLANG_WARN_INFINITE_RECURSION = YES;
				CLANG_WARN_INT_CONVERSION = YES;
				CLANG_WARN_NON_LITERAL_NULL_CONVERSION = YES;
				CLANG_WARN_OBJC_IMPLICIT_RETAIN_SELF = YES;
				CLANG_WARN_OBJC_LITERAL_CONVERSION = YES;
				CLANG_WARN_OBJC_ROOT_CLASS = YES_ERROR;
				CLANG_WARN_QUOTED_INCLUDE_IN_FRAMEWORK_HEADER = YES;
				CLANG_WARN_RANGE_LOOP_ANALYSIS = YES;
				CLANG_WARN_STRICT_PROTOTYPES = YES;
				CLANG_WARN_SUSPICIOUS_MOVE = YES;
				CLANG_WARN_UNGUARDED_AVAILABILITY = YES_AGGRESSIVE;
				CLANG_WARN_UNREACHABLE_CODE = YES;
				CLANG_WARN__DUPLICATE_METHOD_MATCH = YES;
				COPY_PHASE_STRIP = NO;
				DEBUG_INFORMATION_FORMAT = "dwarf-with-dsym";
				ENABLE_NS_ASSERTIONS = NO;
				ENABLE_STRICT_OBJC_MSGSEND = YES;
				ENABLE_USER_SCRIPT_SANDBOXING = YES;
				GCC_C_LANGUAGE_STANDARD = gnu17;
				GCC_NO_COMMON_BLOCKS = YES;
				GCC_WARN_64_TO_32_BIT_CONVERSION = YES;
				GCC_WARN_ABOUT_RETURN_TYPE = YES_ERROR;
				GCC_WARN_UNDECLARED_SELECTOR = YES;
				GCC_WARN_UNINITIALIZED_AUTOS = YES_AGGRESSIVE;
				GCC_WARN_UNUSED_FUNCTION = YES;
				GCC_WARN_UNUSED_VARIABLE = YES;
				IPHONEOS_DEPLOYMENT_TARGET = 18.2;
				LOCALIZATION_PREFERS_STRING_CATALOGS = YES;
				MTL_ENABLE_DEBUG_INFO = NO;
				MTL_FAST_MATH = YES;
				SDKROOT = iphoneos;
				SWIFT_COMPILATION_MODE = wholemodule;
				VALIDATE_PRODUCT = YES;
			};
			name = Release;
		};
		3F512E532DDEBB520077CDB4 /* Debug */ = {
			isa = XCBuildConfiguration;
			buildSettings = {
				ASSETCATALOG_COMPILER_APPICON_NAME = AppIcon;
				ASSETCATALOG_COMPILER_GLOBAL_ACCENT_COLOR_NAME = AccentColor;
				CODE_SIGN_IDENTITY = "Apple Development";
				CODE_SIGN_STYLE = Automatic;
				CURRENT_PROJECT_VERSION = 1;
				DEVELOPMENT_ASSET_PATHS = "\"ALP-MAD/Preview Content\"";
				DEVELOPMENT_TEAM = "";
				ENABLE_PREVIEWS = YES;
				GENERATE_INFOPLIST_FILE = YES;
				INFOPLIST_FILE = "ALP-MAD/Info.plist";
				INFOPLIST_KEY_UIApplicationSceneManifest_Generation = YES;
				INFOPLIST_KEY_UIApplicationSupportsIndirectInputEvents = YES;
				INFOPLIST_KEY_UILaunchScreen_Generation = YES;
				INFOPLIST_KEY_UISupportedInterfaceOrientations_iPad = "UIInterfaceOrientationPortrait UIInterfaceOrientationPortraitUpsideDown UIInterfaceOrientationLandscapeLeft UIInterfaceOrientationLandscapeRight";
				INFOPLIST_KEY_UISupportedInterfaceOrientations_iPhone = "UIInterfaceOrientationPortrait UIInterfaceOrientationLandscapeLeft UIInterfaceOrientationLandscapeRight";
				IPHONEOS_DEPLOYMENT_TARGET = 18.0;
				LD_RUNPATH_SEARCH_PATHS = (
					"$(inherited)",
					"@executable_path/Frameworks",
				);
				MARKETING_VERSION = 1.0;
				PRODUCT_BUNDLE_IDENTIFIER = "q.ALP-MAD";
				PRODUCT_NAME = "$(TARGET_NAME)";
				PROVISIONING_PROFILE_SPECIFIER = "";
				SWIFT_EMIT_LOC_STRINGS = YES;
				SWIFT_VERSION = 5.0;
				TARGETED_DEVICE_FAMILY = "1,2";
			};
			name = Debug;
		};
		3F512E542DDEBB520077CDB4 /* Release */ = {
			isa = XCBuildConfiguration;
			buildSettings = {
				ASSETCATALOG_COMPILER_APPICON_NAME = AppIcon;
				ASSETCATALOG_COMPILER_GLOBAL_ACCENT_COLOR_NAME = AccentColor;
				CODE_SIGN_IDENTITY = "Apple Development";
				CODE_SIGN_STYLE = Automatic;
				CURRENT_PROJECT_VERSION = 1;
				DEVELOPMENT_ASSET_PATHS = "\"ALP-MAD/Preview Content\"";
				DEVELOPMENT_TEAM = "";
				ENABLE_PREVIEWS = YES;
				GENERATE_INFOPLIST_FILE = YES;
				INFOPLIST_FILE = "ALP-MAD/Info.plist";
				INFOPLIST_KEY_UIApplicationSceneManifest_Generation = YES;
				INFOPLIST_KEY_UIApplicationSupportsIndirectInputEvents = YES;
				INFOPLIST_KEY_UILaunchScreen_Generation = YES;
				INFOPLIST_KEY_UISupportedInterfaceOrientations_iPad = "UIInterfaceOrientationPortrait UIInterfaceOrientationPortraitUpsideDown UIInterfaceOrientationLandscapeLeft UIInterfaceOrientationLandscapeRight";
				INFOPLIST_KEY_UISupportedInterfaceOrientations_iPhone = "UIInterfaceOrientationPortrait UIInterfaceOrientationLandscapeLeft UIInterfaceOrientationLandscapeRight";
				IPHONEOS_DEPLOYMENT_TARGET = 18.0;
				LD_RUNPATH_SEARCH_PATHS = (
					"$(inherited)",
					"@executable_path/Frameworks",
				);
				MARKETING_VERSION = 1.0;
				PRODUCT_BUNDLE_IDENTIFIER = "q.ALP-MAD";
				PRODUCT_NAME = "$(TARGET_NAME)";
				PROVISIONING_PROFILE_SPECIFIER = "";
				SWIFT_EMIT_LOC_STRINGS = YES;
				SWIFT_VERSION = 5.0;
				TARGETED_DEVICE_FAMILY = "1,2";
			};
			name = Release;
		};
		3F512E562DDEBB520077CDB4 /* Debug */ = {
			isa = XCBuildConfiguration;
			buildSettings = {
				BUNDLE_LOADER = "$(TEST_HOST)";
				CODE_SIGN_STYLE = Automatic;
				CURRENT_PROJECT_VERSION = 1;
				GENERATE_INFOPLIST_FILE = YES;
				IPHONEOS_DEPLOYMENT_TARGET = 18.2;
				MARKETING_VERSION = 1.0;
				PRODUCT_BUNDLE_IDENTIFIER = "q.ALP-MADTests";
				PRODUCT_NAME = "$(TARGET_NAME)";
				SWIFT_EMIT_LOC_STRINGS = NO;
				SWIFT_VERSION = 5.0;
				TARGETED_DEVICE_FAMILY = "1,2";
				TEST_HOST = "$(BUILT_PRODUCTS_DIR)/ALP-MAD.app/$(BUNDLE_EXECUTABLE_FOLDER_PATH)/ALP-MAD";
			};
			name = Debug;
		};
		3F512E572DDEBB520077CDB4 /* Release */ = {
			isa = XCBuildConfiguration;
			buildSettings = {
				BUNDLE_LOADER = "$(TEST_HOST)";
				CODE_SIGN_STYLE = Automatic;
				CURRENT_PROJECT_VERSION = 1;
				GENERATE_INFOPLIST_FILE = YES;
				IPHONEOS_DEPLOYMENT_TARGET = 18.2;
				MARKETING_VERSION = 1.0;
				PRODUCT_BUNDLE_IDENTIFIER = "q.ALP-MADTests";
				PRODUCT_NAME = "$(TARGET_NAME)";
				SWIFT_EMIT_LOC_STRINGS = NO;
				SWIFT_VERSION = 5.0;
				TARGETED_DEVICE_FAMILY = "1,2";
				TEST_HOST = "$(BUILT_PRODUCTS_DIR)/ALP-MAD.app/$(BUNDLE_EXECUTABLE_FOLDER_PATH)/ALP-MAD";
			};
			name = Release;
		};
		3F512E592DDEBB520077CDB4 /* Debug */ = {
			isa = XCBuildConfiguration;
			buildSettings = {
				CODE_SIGN_STYLE = Automatic;
				CURRENT_PROJECT_VERSION = 1;
				GENERATE_INFOPLIST_FILE = YES;
				MARKETING_VERSION = 1.0;
				PRODUCT_BUNDLE_IDENTIFIER = "q.ALP-MADUITests";
				PRODUCT_NAME = "$(TARGET_NAME)";
				SWIFT_EMIT_LOC_STRINGS = NO;
				SWIFT_VERSION = 5.0;
				TARGETED_DEVICE_FAMILY = "1,2";
				TEST_TARGET_NAME = "ALP-MAD";
			};
			name = Debug;
		};
		3F512E5A2DDEBB520077CDB4 /* Release */ = {
			isa = XCBuildConfiguration;
			buildSettings = {
				CODE_SIGN_STYLE = Automatic;
				CURRENT_PROJECT_VERSION = 1;
				GENERATE_INFOPLIST_FILE = YES;
				MARKETING_VERSION = 1.0;
				PRODUCT_BUNDLE_IDENTIFIER = "q.ALP-MADUITests";
				PRODUCT_NAME = "$(TARGET_NAME)";
				SWIFT_EMIT_LOC_STRINGS = NO;
				SWIFT_VERSION = 5.0;
				TARGETED_DEVICE_FAMILY = "1,2";
				TEST_TARGET_NAME = "ALP-MAD";
			};
			name = Release;
		};
		3F65E8362DF963F700F621E8 /* Debug */ = {
			isa = XCBuildConfiguration;
			buildSettings = {
				ASSETCATALOG_COMPILER_APPICON_NAME = AppIcon;
				ASSETCATALOG_COMPILER_GLOBAL_ACCENT_COLOR_NAME = AccentColor;
				CODE_SIGN_IDENTITY = "Apple Development";
				CODE_SIGN_STYLE = Automatic;
				CURRENT_PROJECT_VERSION = 1;
				DEVELOPMENT_TEAM = "";
				ENABLE_PREVIEWS = YES;
				GENERATE_INFOPLIST_FILE = YES;
				INFOPLIST_KEY_CFBundleDisplayName = SporthubWatchApp;
				INFOPLIST_KEY_UISupportedInterfaceOrientations = "UIInterfaceOrientationPortrait UIInterfaceOrientationPortraitUpsideDown";
				INFOPLIST_KEY_WKCompanionAppBundleIdentifier = "q.ALP-MAD";
				LD_RUNPATH_SEARCH_PATHS = (
					"$(inherited)",
					"@executable_path/Frameworks",
				);
				MARKETING_VERSION = 1.0;
				PRODUCT_BUNDLE_IDENTIFIER = "q.ALP-MAD.watchkitapp";
				PRODUCT_NAME = "$(TARGET_NAME)";
				SDKROOT = watchos;
				SKIP_INSTALL = YES;
				SWIFT_EMIT_LOC_STRINGS = YES;
				SWIFT_VERSION = 5.0;
				TARGETED_DEVICE_FAMILY = 4;
				WATCHOS_DEPLOYMENT_TARGET = 11.4;
			};
			name = Debug;
		};
		3F65E8372DF963F700F621E8 /* Release */ = {
			isa = XCBuildConfiguration;
			buildSettings = {
				ASSETCATALOG_COMPILER_APPICON_NAME = AppIcon;
				ASSETCATALOG_COMPILER_GLOBAL_ACCENT_COLOR_NAME = AccentColor;
				CODE_SIGN_IDENTITY = "Apple Development";
				CODE_SIGN_STYLE = Automatic;
				CURRENT_PROJECT_VERSION = 1;
				DEVELOPMENT_TEAM = "";
				ENABLE_PREVIEWS = YES;
				GENERATE_INFOPLIST_FILE = YES;
				INFOPLIST_KEY_CFBundleDisplayName = SporthubWatchApp;
				INFOPLIST_KEY_UISupportedInterfaceOrientations = "UIInterfaceOrientationPortrait UIInterfaceOrientationPortraitUpsideDown";
				INFOPLIST_KEY_WKCompanionAppBundleIdentifier = "q.ALP-MAD";
				LD_RUNPATH_SEARCH_PATHS = (
					"$(inherited)",
					"@executable_path/Frameworks",
				);
				MARKETING_VERSION = 1.0;
				PRODUCT_BUNDLE_IDENTIFIER = "q.ALP-MAD.watchkitapp";
				PRODUCT_NAME = "$(TARGET_NAME)";
				SDKROOT = watchos;
				SKIP_INSTALL = YES;
				SWIFT_EMIT_LOC_STRINGS = YES;
				SWIFT_VERSION = 5.0;
				TARGETED_DEVICE_FAMILY = 4;
				WATCHOS_DEPLOYMENT_TARGET = 11.4;
			};
			name = Release;
		};
		3F65E83A2DF963F700F621E8 /* Debug */ = {
			isa = XCBuildConfiguration;
			buildSettings = {
				BUNDLE_LOADER = "$(TEST_HOST)";
				CODE_SIGN_STYLE = Automatic;
				CURRENT_PROJECT_VERSION = 1;
				GENERATE_INFOPLIST_FILE = YES;
				MARKETING_VERSION = 1.0;
				PRODUCT_BUNDLE_IDENTIFIER = "com.example.SporthubWatchApp-Watch-AppTests";
				PRODUCT_NAME = "$(TARGET_NAME)";
				SDKROOT = watchos;
				SWIFT_EMIT_LOC_STRINGS = NO;
				SWIFT_VERSION = 5.0;
				TARGETED_DEVICE_FAMILY = 4;
				TEST_HOST = "$(BUILT_PRODUCTS_DIR)/SporthubWatchApp Watch App.app/$(BUNDLE_EXECUTABLE_FOLDER_PATH)/SporthubWatchApp Watch App";
				WATCHOS_DEPLOYMENT_TARGET = 11.4;
			};
			name = Debug;
		};
		3F65E83B2DF963F700F621E8 /* Release */ = {
			isa = XCBuildConfiguration;
			buildSettings = {
				BUNDLE_LOADER = "$(TEST_HOST)";
				CODE_SIGN_STYLE = Automatic;
				CURRENT_PROJECT_VERSION = 1;
				GENERATE_INFOPLIST_FILE = YES;
				MARKETING_VERSION = 1.0;
				PRODUCT_BUNDLE_IDENTIFIER = "com.example.SporthubWatchApp-Watch-AppTests";
				PRODUCT_NAME = "$(TARGET_NAME)";
				SDKROOT = watchos;
				SWIFT_EMIT_LOC_STRINGS = NO;
				SWIFT_VERSION = 5.0;
				TARGETED_DEVICE_FAMILY = 4;
				TEST_HOST = "$(BUILT_PRODUCTS_DIR)/SporthubWatchApp Watch App.app/$(BUNDLE_EXECUTABLE_FOLDER_PATH)/SporthubWatchApp Watch App";
				WATCHOS_DEPLOYMENT_TARGET = 11.4;
			};
			name = Release;
		};
		3F65E83D2DF963F700F621E8 /* Debug */ = {
			isa = XCBuildConfiguration;
			buildSettings = {
				CODE_SIGN_STYLE = Automatic;
				CURRENT_PROJECT_VERSION = 1;
				GENERATE_INFOPLIST_FILE = YES;
				MARKETING_VERSION = 1.0;
				PRODUCT_BUNDLE_IDENTIFIER = "com.example.SporthubWatchApp-Watch-AppUITests";
				PRODUCT_NAME = "$(TARGET_NAME)";
				SDKROOT = watchos;
				SWIFT_EMIT_LOC_STRINGS = NO;
				SWIFT_VERSION = 5.0;
				TARGETED_DEVICE_FAMILY = 4;
				TEST_TARGET_NAME = "SporthubWatchApp Watch App";
				WATCHOS_DEPLOYMENT_TARGET = 11.4;
			};
			name = Debug;
		};
		3F65E83E2DF963F700F621E8 /* Release */ = {
			isa = XCBuildConfiguration;
			buildSettings = {
				CODE_SIGN_STYLE = Automatic;
				CURRENT_PROJECT_VERSION = 1;
				GENERATE_INFOPLIST_FILE = YES;
				MARKETING_VERSION = 1.0;
				PRODUCT_BUNDLE_IDENTIFIER = "com.example.SporthubWatchApp-Watch-AppUITests";
				PRODUCT_NAME = "$(TARGET_NAME)";
				SDKROOT = watchos;
				SWIFT_EMIT_LOC_STRINGS = NO;
				SWIFT_VERSION = 5.0;
				TARGETED_DEVICE_FAMILY = 4;
				TEST_TARGET_NAME = "SporthubWatchApp Watch App";
				WATCHOS_DEPLOYMENT_TARGET = 11.4;
			};
			name = Release;
		};
		3F65E86C2DF96F3A00F621E8 /* Debug */ = {
			isa = XCBuildConfiguration;
			buildSettings = {
				CODE_SIGN_IDENTITY = "Apple Development";
				CODE_SIGN_STYLE = Automatic;
				CURRENT_PROJECT_VERSION = 1;
				DEVELOPMENT_TEAM = "";
				GENERATE_INFOPLIST_FILE = YES;
				INFOPLIST_FILE = SporthubWatchAppExtension/Info.plist;
				INFOPLIST_KEY_CFBundleDisplayName = SporthubWatchAppExtension;
				INFOPLIST_KEY_NSHumanReadableCopyright = "";
				LD_RUNPATH_SEARCH_PATHS = (
					"$(inherited)",
					"@executable_path/Frameworks",
					"@executable_path/../../Frameworks",
					"@executable_path/../../../../Frameworks",
				);
				MARKETING_VERSION = 1.0;
				PRODUCT_BUNDLE_IDENTIFIER = "q.ALP-MAD.watchkitapp.SporthubWatchAppExtension";
				PRODUCT_NAME = "$(TARGET_NAME)";
				SDKROOT = watchos;
				SKIP_INSTALL = YES;
				SWIFT_EMIT_LOC_STRINGS = YES;
				SWIFT_VERSION = 5.0;
				TARGETED_DEVICE_FAMILY = 4;
				WATCHOS_DEPLOYMENT_TARGET = 11.4;
			};
			name = Debug;
		};
		3F65E86D2DF96F3A00F621E8 /* Release */ = {
			isa = XCBuildConfiguration;
			buildSettings = {
				CODE_SIGN_IDENTITY = "Apple Development";
				CODE_SIGN_STYLE = Automatic;
				CURRENT_PROJECT_VERSION = 1;
				DEVELOPMENT_TEAM = "";
				GENERATE_INFOPLIST_FILE = YES;
				INFOPLIST_FILE = SporthubWatchAppExtension/Info.plist;
				INFOPLIST_KEY_CFBundleDisplayName = SporthubWatchAppExtension;
				INFOPLIST_KEY_NSHumanReadableCopyright = "";
				LD_RUNPATH_SEARCH_PATHS = (
					"$(inherited)",
					"@executable_path/Frameworks",
					"@executable_path/../../Frameworks",
					"@executable_path/../../../../Frameworks",
				);
				MARKETING_VERSION = 1.0;
				PRODUCT_BUNDLE_IDENTIFIER = "q.ALP-MAD.watchkitapp.SporthubWatchAppExtension";
				PRODUCT_NAME = "$(TARGET_NAME)";
				SDKROOT = watchos;
				SKIP_INSTALL = YES;
				SWIFT_EMIT_LOC_STRINGS = YES;
				SWIFT_VERSION = 5.0;
				TARGETED_DEVICE_FAMILY = 4;
				WATCHOS_DEPLOYMENT_TARGET = 11.4;
			};
			name = Release;
		};
/* End XCBuildConfiguration section */

/* Begin XCConfigurationList section */
		3F512E292DDEBB500077CDB4 /* Build configuration list for PBXProject "ALP-MAD" */ = {
			isa = XCConfigurationList;
			buildConfigurations = (
				3F512E502DDEBB520077CDB4 /* Debug */,
				3F512E512DDEBB520077CDB4 /* Release */,
			);
			defaultConfigurationIsVisible = 0;
			defaultConfigurationName = Release;
		};
		3F512E522DDEBB520077CDB4 /* Build configuration list for PBXNativeTarget "ALP-MAD" */ = {
			isa = XCConfigurationList;
			buildConfigurations = (
				3F512E532DDEBB520077CDB4 /* Debug */,
				3F512E542DDEBB520077CDB4 /* Release */,
			);
			defaultConfigurationIsVisible = 0;
			defaultConfigurationName = Release;
		};
		3F512E552DDEBB520077CDB4 /* Build configuration list for PBXNativeTarget "ALP-MADTests" */ = {
			isa = XCConfigurationList;
			buildConfigurations = (
				3F512E562DDEBB520077CDB4 /* Debug */,
				3F512E572DDEBB520077CDB4 /* Release */,
			);
			defaultConfigurationIsVisible = 0;
			defaultConfigurationName = Release;
		};
		3F512E582DDEBB520077CDB4 /* Build configuration list for PBXNativeTarget "ALP-MADUITests" */ = {
			isa = XCConfigurationList;
			buildConfigurations = (
				3F512E592DDEBB520077CDB4 /* Debug */,
				3F512E5A2DDEBB520077CDB4 /* Release */,
			);
			defaultConfigurationIsVisible = 0;
			defaultConfigurationName = Release;
		};
		3F65E8352DF963F700F621E8 /* Build configuration list for PBXNativeTarget "SporthubWatchApp Watch App" */ = {
			isa = XCConfigurationList;
			buildConfigurations = (
				3F65E8362DF963F700F621E8 /* Debug */,
				3F65E8372DF963F700F621E8 /* Release */,
			);
			defaultConfigurationIsVisible = 0;
			defaultConfigurationName = Release;
		};
		3F65E8392DF963F700F621E8 /* Build configuration list for PBXNativeTarget "SporthubWatchApp Watch AppTests" */ = {
			isa = XCConfigurationList;
			buildConfigurations = (
				3F65E83A2DF963F700F621E8 /* Debug */,
				3F65E83B2DF963F700F621E8 /* Release */,
			);
			defaultConfigurationIsVisible = 0;
			defaultConfigurationName = Release;
		};
		3F65E83C2DF963F700F621E8 /* Build configuration list for PBXNativeTarget "SporthubWatchApp Watch AppUITests" */ = {
			isa = XCConfigurationList;
			buildConfigurations = (
				3F65E83D2DF963F700F621E8 /* Debug */,
				3F65E83E2DF963F700F621E8 /* Release */,
			);
			defaultConfigurationIsVisible = 0;
			defaultConfigurationName = Release;
		};
		3F65E86B2DF96F3A00F621E8 /* Build configuration list for PBXNativeTarget "SporthubWatchAppExtension" */ = {
			isa = XCConfigurationList;
			buildConfigurations = (
				3F65E86C2DF96F3A00F621E8 /* Debug */,
				3F65E86D2DF96F3A00F621E8 /* Release */,
			);
			defaultConfigurationIsVisible = 0;
			defaultConfigurationName = Release;
		};
/* End XCConfigurationList section */

/* Begin XCRemoteSwiftPackageReference section */
		3F21B6E72DE03ADC008BACCB /* XCRemoteSwiftPackageReference "firebase-ios-sdk" */ = {
			isa = XCRemoteSwiftPackageReference;
			repositoryURL = "https://github.com/firebase/firebase-ios-sdk.git";
			requirement = {
				kind = upToNextMajorVersion;
				minimumVersion = 11.13.0;
			};
		};
/* End XCRemoteSwiftPackageReference section */

/* Begin XCSwiftPackageProductDependency section */
		3F21B6E82DE03ADC008BACCB /* FirebaseAuth */ = {
			isa = XCSwiftPackageProductDependency;
			package = 3F21B6E72DE03ADC008BACCB /* XCRemoteSwiftPackageReference "firebase-ios-sdk" */;
			productName = FirebaseAuth;
		};
		3F21B6EA2DE03ADC008BACCB /* FirebaseCore */ = {
			isa = XCSwiftPackageProductDependency;
			package = 3F21B6E72DE03ADC008BACCB /* XCRemoteSwiftPackageReference "firebase-ios-sdk" */;
			productName = FirebaseCore;
		};
		3F21B6EC2DE03ADC008BACCB /* FirebaseDatabase */ = {
			isa = XCSwiftPackageProductDependency;
			package = 3F21B6E72DE03ADC008BACCB /* XCRemoteSwiftPackageReference "firebase-ios-sdk" */;
			productName = FirebaseDatabase;
		};
		3F21B6EE2DE03ADC008BACCB /* FirebaseFirestore */ = {
			isa = XCSwiftPackageProductDependency;
			package = 3F21B6E72DE03ADC008BACCB /* XCRemoteSwiftPackageReference "firebase-ios-sdk" */;
			productName = FirebaseFirestore;
		};
		3F21B6F02DE03ADC008BACCB /* FirebaseStorage */ = {
			isa = XCSwiftPackageProductDependency;
			package = 3F21B6E72DE03ADC008BACCB /* XCRemoteSwiftPackageReference "firebase-ios-sdk" */;
			productName = FirebaseStorage;
		};
/* End XCSwiftPackageProductDependency section */
	};
	rootObject = 3F512E262DDEBB500077CDB4 /* Project object */;
}
